
Microsoft Visual Studio Solution File, Format Version 12.00
# Visual Studio Version 17
VisualStudioVersion = 17.11.35222.181
MinimumVisualStudioVersion = 10.0.40219.1
Project("{FAE04EC0-301F-11D3-BF4B-00C04F79EFBC}") = "ST10085201_PROG7312_POE", "ST10085201_PROG7312_POE.csproj", "{D4F4DEF3-16E4-4C12-8D70-820813DB157A}"
EndProject
Global
	GlobalSection(SolutionConfigurationPlatforms) = preSolution
		Debug|Any CPU = Debug|Any CPU
		Release|Any CPU = Release|Any CPU
	EndGlobalSection
	GlobalSection(ProjectConfigurationPlatforms) = postSolution
		{D4F4DEF3-16E4-4C12-8D70-820813DB157A}.Debug|Any CPU.ActiveCfg = Debug|Any CPU
		{D4F4DEF3-16E4-4C12-8D70-820813DB157A}.Debug|Any CPU.Build.0 = Debug|Any CPU
		{D4F4DEF3-16E4-4C12-8D70-820813DB157A}.Release|Any CPU.ActiveCfg = Release|Any CPU
		{D4F4DEF3-16E4-4C12-8D70-820813DB157A}.Release|Any CPU.Build.0 = Release|Any CPU
	EndGlobalSection
	GlobalSection(SolutionProperties) = preSolution
		HideSolutionNode = FALSE
	EndGlobalSection
	GlobalSection(ExtensibilityGlobals) = postSolution
		SolutionGuid = {DAC5C8FA-B976-4878-AE02-DD3B863B5960}
	EndGlobalSection
EndGlobal
